
Microsoft Visual Studio Solution File, Format Version 11.00
# Visual Studio 2010
Project("{8BC9CEB8-8B4A-11D0-8D11-00A0C91BC942}") = "SC2DataManager", "SC2DataManager.vcxproj", "{971CEB30-A53D-4859-B4B4-7574C2CB0D27}"
EndProject
Global
	GlobalSection(SolutionConfigurationPlatforms) = preSolution
		Debug|Win32 = Debug|Win32
		Release|Win32 = Release|Win32
	EndGlobalSection
	GlobalSection(ProjectConfigurationPlatforms) = postSolution
		{971CEB30-A53D-4859-B4B4-7574C2CB0D27}.Debug|Win32.ActiveCfg = Debug|Win32
		{971CEB30-A53D-4859-B4B4-7574C2CB0D27}.Debug|Win32.Build.0 = Debug|Win32
		{971CEB30-A53D-4859-B4B4-7574C2CB0D27}.Release|Win32.ActiveCfg = Release|Win32
		{971CEB30-A53D-4859-B4B4-7574C2CB0D27}.Release|Win32.Build.0 = Release|Win32
	EndGlobalSection
	GlobalSection(SolutionProperties) = preSolution
		HideSolutionNode = FALSE
	EndGlobalSection
EndGlobal
